
Microsoft Visual Studio Solution File, Format Version 12.00
# Visual Studio Version 16
VisualStudioVersion = 16.0.29905.134
MinimumVisualStudioVersion = 10.0.40219.1
Project("{FAE04EC0-301F-11D3-BF4B-00C04F79EFBC}") = "IntegerAppearingOddNumberOfTimes", "IntegerAppearingOddNumberOfTimes\IntegerAppearingOddNumberOfTimes.csproj", "{F9D7B78D-90C1-4090-B41D-55587901E481}"
EndProject
Global
	GlobalSection(SolutionConfigurationPlatforms) = preSolution
		Debug|Any CPU = Debug|Any CPU
		Release|Any CPU = Release|Any CPU
	EndGlobalSection
	GlobalSection(ProjectConfigurationPlatforms) = postSolution
		{F9D7B78D-90C1-4090-B41D-55587901E481}.Debug|Any CPU.ActiveCfg = Debug|Any CPU
		{F9D7B78D-90C1-4090-B41D-55587901E481}.Debug|Any CPU.Build.0 = Debug|Any CPU
		{F9D7B78D-90C1-4090-B41D-55587901E481}.Release|Any CPU.ActiveCfg = Release|Any CPU
		{F9D7B78D-90C1-4090-B41D-55587901E481}.Release|Any CPU.Build.0 = Release|Any CPU
	EndGlobalSection
	GlobalSection(SolutionProperties) = preSolution
		HideSolutionNode = FALSE
	EndGlobalSection
	GlobalSection(ExtensibilityGlobals) = postSolution
		SolutionGuid = {A49B7317-6057-4E62-BE80-3DF3103F5BAA}
	EndGlobalSection
EndGlobal
